
Microsoft Visual Studio Solution File, Format Version 12.00
# Visual Studio Version 17
VisualStudioVersion = 17.2.32519.379
MinimumVisualStudioVersion = 10.0.40219.1
Project("{9A19103F-16F7-4668-BE54-9A1E7A4F7556}") = "Json", "Json\Json.csproj", "{067F40E2-306B-4200-8A83-125F7469DF51}"
EndProject
Project("{FAE04EC0-301F-11D3-BF4B-00C04F79EFBC}") = "JsonTest", "JsonTest\JsonTest.csproj", "{D7EEA4FE-D454-4A36-9A02-7AB6E4F6EDDE}"
EndProject
Global
	GlobalSection(SolutionConfigurationPlatforms) = preSolution
		Debug|Any CPU = Debug|Any CPU
		Release|Any CPU = Release|Any CPU
	EndGlobalSection
	GlobalSection(ProjectConfigurationPlatforms) = postSolution
		{067F40E2-306B-4200-8A83-125F7469DF51}.Debug|Any CPU.ActiveCfg = Debug|Any CPU
		{067F40E2-306B-4200-8A83-125F7469DF51}.Debug|Any CPU.Build.0 = Debug|Any CPU
		{067F40E2-306B-4200-8A83-125F7469DF51}.Release|Any CPU.ActiveCfg = Release|Any CPU
		{067F40E2-306B-4200-8A83-125F7469DF51}.Release|Any CPU.Build.0 = Release|Any CPU
		{D7EEA4FE-D454-4A36-9A02-7AB6E4F6EDDE}.Debug|Any CPU.ActiveCfg = Debug|Any CPU
		{D7EEA4FE-D454-4A36-9A02-7AB6E4F6EDDE}.Debug|Any CPU.Build.0 = Debug|Any CPU
		{D7EEA4FE-D454-4A36-9A02-7AB6E4F6EDDE}.Release|Any CPU.ActiveCfg = Release|Any CPU
		{D7EEA4FE-D454-4A36-9A02-7AB6E4F6EDDE}.Release|Any CPU.Build.0 = Release|Any CPU
	EndGlobalSection
	GlobalSection(SolutionProperties) = preSolution
		HideSolutionNode = FALSE
	EndGlobalSection
	GlobalSection(ExtensibilityGlobals) = postSolution
		SolutionGuid = {D3523134-0EB7-4855-8EC2-72479E2D8B92}
	EndGlobalSection
EndGlobal
